
Microsoft Visual Studio Solution File, Format Version 12.00
# Visual Studio 15
VisualStudioVersion = 15.0.34112.143
MinimumVisualStudioVersion = 10.0.40219.1
Project("{8BC9CEB8-8B4A-11D0-8D11-00A0C91BC942}") = "PEA3", "PEA3\PEA3.vcxproj", "{BE4C622E-24C2-4FA7-9BB4-1D006F25B165}"
EndProject
Global
	GlobalSection(SolutionConfigurationPlatforms) = preSolution
		Debug|x64 = Debug|x64
		Debug|x86 = Debug|x86
		Release|x64 = Release|x64
		Release|x86 = Release|x86
	EndGlobalSection
	GlobalSection(ProjectConfigurationPlatforms) = postSolution
		{BE4C622E-24C2-4FA7-9BB4-1D006F25B165}.Debug|x64.ActiveCfg = Debug|x64
		{BE4C622E-24C2-4FA7-9BB4-1D006F25B165}.Debug|x64.Build.0 = Debug|x64
		{BE4C622E-24C2-4FA7-9BB4-1D006F25B165}.Debug|x86.ActiveCfg = Debug|Win32
		{BE4C622E-24C2-4FA7-9BB4-1D006F25B165}.Debug|x86.Build.0 = Debug|Win32
		{BE4C622E-24C2-4FA7-9BB4-1D006F25B165}.Release|x64.ActiveCfg = Release|x64
		{BE4C622E-24C2-4FA7-9BB4-1D006F25B165}.Release|x64.Build.0 = Release|x64
		{BE4C622E-24C2-4FA7-9BB4-1D006F25B165}.Release|x86.ActiveCfg = Release|Win32
		{BE4C622E-24C2-4FA7-9BB4-1D006F25B165}.Release|x86.Build.0 = Release|Win32
	EndGlobalSection
	GlobalSection(SolutionProperties) = preSolution
		HideSolutionNode = FALSE
	EndGlobalSection
	GlobalSection(ExtensibilityGlobals) = postSolution
		SolutionGuid = {CB8E5CEF-6A76-4E0D-9FA8-89BAE0C94CC4}
	EndGlobalSection
EndGlobal
